
Microsoft Visual Studio Solution File, Format Version 12.00
# Visual Studio Version 16
VisualStudioVersion = 16.0.30114.105
MinimumVisualStudioVersion = 10.0.40219.1
Project("{FAE04EC0-301F-11D3-BF4B-00C04F79EFBC}") = "01. Bombs", "01. Bombs\01. Bombs.csproj", "{0A3D004E-BE80-4548-AC43-AB0E69E3A1D6}"
EndProject
Project("{FAE04EC0-301F-11D3-BF4B-00C04F79EFBC}") = "02. Snake", "02. Snake\02. Snake.csproj", "{496BDA77-5440-453D-AEC2-322534477C4A}"
EndProject
Global
	GlobalSection(SolutionConfigurationPlatforms) = preSolution
		Debug|Any CPU = Debug|Any CPU
		Release|Any CPU = Release|Any CPU
	EndGlobalSection
	GlobalSection(ProjectConfigurationPlatforms) = postSolution
		{0A3D004E-BE80-4548-AC43-AB0E69E3A1D6}.Debug|Any CPU.ActiveCfg = Debug|Any CPU
		{0A3D004E-BE80-4548-AC43-AB0E69E3A1D6}.Debug|Any CPU.Build.0 = Debug|Any CPU
		{0A3D004E-BE80-4548-AC43-AB0E69E3A1D6}.Release|Any CPU.ActiveCfg = Release|Any CPU
		{0A3D004E-BE80-4548-AC43-AB0E69E3A1D6}.Release|Any CPU.Build.0 = Release|Any CPU
		{496BDA77-5440-453D-AEC2-322534477C4A}.Debug|Any CPU.ActiveCfg = Debug|Any CPU
		{496BDA77-5440-453D-AEC2-322534477C4A}.Debug|Any CPU.Build.0 = Debug|Any CPU
		{496BDA77-5440-453D-AEC2-322534477C4A}.Release|Any CPU.ActiveCfg = Release|Any CPU
		{496BDA77-5440-453D-AEC2-322534477C4A}.Release|Any CPU.Build.0 = Release|Any CPU
	EndGlobalSection
	GlobalSection(SolutionProperties) = preSolution
		HideSolutionNode = FALSE
	EndGlobalSection
	GlobalSection(ExtensibilityGlobals) = postSolution
		SolutionGuid = {81951476-1559-4D56-8665-D030B2C0E7C7}
	EndGlobalSection
EndGlobal
