
Microsoft Visual Studio Solution File, Format Version 12.00
# Visual Studio Version 16
VisualStudioVersion = 16.0.30114.105
MinimumVisualStudioVersion = 10.0.40219.1
Project("{9A19103F-16F7-4668-BE54-9A1E7A4F7556}") = "Demo", "Demo\Demo.csproj", "{A8A9B371-1E95-4035-9C0C-151BA9C4297D}"
EndProject
Project("{9A19103F-16F7-4668-BE54-9A1E7A4F7556}") = "1. Even Lines", "1. Even Lines\1. Even Lines.csproj", "{44F1FDD5-2D59-41DD-9495-6FF833C2FBA9}"
EndProject
Project("{9A19103F-16F7-4668-BE54-9A1E7A4F7556}") = "2. Line Numbers", "2. Line Numbers\2. Line Numbers.csproj", "{DA9D6042-AF92-49BA-A870-E86E2DD656AD}"
EndProject
Project("{9A19103F-16F7-4668-BE54-9A1E7A4F7556}") = "4. Copy Binary File", "4. Copy Binary File\4. Copy Binary File.csproj", "{974B9D6B-3D9C-40D5-A136-5C20B93439AF}"
EndProject
Global
	GlobalSection(SolutionConfigurationPlatforms) = preSolution
		Debug|Any CPU = Debug|Any CPU
		Release|Any CPU = Release|Any CPU
	EndGlobalSection
	GlobalSection(ProjectConfigurationPlatforms) = postSolution
		{A8A9B371-1E95-4035-9C0C-151BA9C4297D}.Debug|Any CPU.ActiveCfg = Debug|Any CPU
		{A8A9B371-1E95-4035-9C0C-151BA9C4297D}.Debug|Any CPU.Build.0 = Debug|Any CPU
		{A8A9B371-1E95-4035-9C0C-151BA9C4297D}.Release|Any CPU.ActiveCfg = Release|Any CPU
		{A8A9B371-1E95-4035-9C0C-151BA9C4297D}.Release|Any CPU.Build.0 = Release|Any CPU
		{44F1FDD5-2D59-41DD-9495-6FF833C2FBA9}.Debug|Any CPU.ActiveCfg = Debug|Any CPU
		{44F1FDD5-2D59-41DD-9495-6FF833C2FBA9}.Debug|Any CPU.Build.0 = Debug|Any CPU
		{44F1FDD5-2D59-41DD-9495-6FF833C2FBA9}.Release|Any CPU.ActiveCfg = Release|Any CPU
		{44F1FDD5-2D59-41DD-9495-6FF833C2FBA9}.Release|Any CPU.Build.0 = Release|Any CPU
		{DA9D6042-AF92-49BA-A870-E86E2DD656AD}.Debug|Any CPU.ActiveCfg = Debug|Any CPU
		{DA9D6042-AF92-49BA-A870-E86E2DD656AD}.Debug|Any CPU.Build.0 = Debug|Any CPU
		{DA9D6042-AF92-49BA-A870-E86E2DD656AD}.Release|Any CPU.ActiveCfg = Release|Any CPU
		{DA9D6042-AF92-49BA-A870-E86E2DD656AD}.Release|Any CPU.Build.0 = Release|Any CPU
		{974B9D6B-3D9C-40D5-A136-5C20B93439AF}.Debug|Any CPU.ActiveCfg = Debug|Any CPU
		{974B9D6B-3D9C-40D5-A136-5C20B93439AF}.Debug|Any CPU.Build.0 = Debug|Any CPU
		{974B9D6B-3D9C-40D5-A136-5C20B93439AF}.Release|Any CPU.ActiveCfg = Release|Any CPU
		{974B9D6B-3D9C-40D5-A136-5C20B93439AF}.Release|Any CPU.Build.0 = Release|Any CPU
	EndGlobalSection
	GlobalSection(SolutionProperties) = preSolution
		HideSolutionNode = FALSE
	EndGlobalSection
	GlobalSection(ExtensibilityGlobals) = postSolution
		SolutionGuid = {DEB23142-21E1-4FE4-B688-FB8B163969A4}
	EndGlobalSection
EndGlobal
