
Microsoft Visual Studio Solution File, Format Version 12.00
# Visual Studio Version 16
VisualStudioVersion = 16.0.30114.105
MinimumVisualStudioVersion = 10.0.40219.1
Project("{FAE04EC0-301F-11D3-BF4B-00C04F79EFBC}") = "IMPLEMENTING STACK AND QUEUE", "IMPLEMENTING STACK AND QUEUE\IMPLEMENTING STACK AND QUEUE.csproj", "{93E7F89A-2597-4275-98D0-B4C49B79E852}"
EndProject
Global
	GlobalSection(SolutionConfigurationPlatforms) = preSolution
		Debug|Any CPU = Debug|Any CPU
		Release|Any CPU = Release|Any CPU
	EndGlobalSection
	GlobalSection(ProjectConfigurationPlatforms) = postSolution
		{93E7F89A-2597-4275-98D0-B4C49B79E852}.Debug|Any CPU.ActiveCfg = Debug|Any CPU
		{93E7F89A-2597-4275-98D0-B4C49B79E852}.Debug|Any CPU.Build.0 = Debug|Any CPU
		{93E7F89A-2597-4275-98D0-B4C49B79E852}.Release|Any CPU.ActiveCfg = Release|Any CPU
		{93E7F89A-2597-4275-98D0-B4C49B79E852}.Release|Any CPU.Build.0 = Release|Any CPU
	EndGlobalSection
	GlobalSection(SolutionProperties) = preSolution
		HideSolutionNode = FALSE
	EndGlobalSection
	GlobalSection(ExtensibilityGlobals) = postSolution
		SolutionGuid = {973760E4-0CBD-4F18-AD9F-1BD1F8A4198E}
	EndGlobalSection
EndGlobal
