
Microsoft Visual Studio Solution File, Format Version 12.00
# Visual Studio Version 16
VisualStudioVersion = 16.0.30114.105
MinimumVisualStudioVersion = 10.0.40219.1
Project("{9A19103F-16F7-4668-BE54-9A1E7A4F7556}") = "01. Generic Box of String", "EXERCISE- GENERICS\01. Generic Box of String.csproj", "{00F1BF35-9E1C-4099-8359-0EF802ECE53C}"
EndProject
Project("{FAE04EC0-301F-11D3-BF4B-00C04F79EFBC}") = "2. Generic Box of Integer", "2. Generic Box of Integer\2. Generic Box of Integer.csproj", "{5202C769-3AA4-4DE8-BAE3-DC8E4AF9EBC9}"
EndProject
Project("{FAE04EC0-301F-11D3-BF4B-00C04F79EFBC}") = "03. Generic Swap Method String", "03. Generic Swap Method String\03. Generic Swap Method String.csproj", "{0606E32F-AA41-44BC-B0DF-22646D305B72}"
EndProject
Global
	GlobalSection(SolutionConfigurationPlatforms) = preSolution
		Debug|Any CPU = Debug|Any CPU
		Release|Any CPU = Release|Any CPU
	EndGlobalSection
	GlobalSection(ProjectConfigurationPlatforms) = postSolution
		{00F1BF35-9E1C-4099-8359-0EF802ECE53C}.Debug|Any CPU.ActiveCfg = Debug|Any CPU
		{00F1BF35-9E1C-4099-8359-0EF802ECE53C}.Debug|Any CPU.Build.0 = Debug|Any CPU
		{00F1BF35-9E1C-4099-8359-0EF802ECE53C}.Release|Any CPU.ActiveCfg = Release|Any CPU
		{00F1BF35-9E1C-4099-8359-0EF802ECE53C}.Release|Any CPU.Build.0 = Release|Any CPU
		{5202C769-3AA4-4DE8-BAE3-DC8E4AF9EBC9}.Debug|Any CPU.ActiveCfg = Debug|Any CPU
		{5202C769-3AA4-4DE8-BAE3-DC8E4AF9EBC9}.Debug|Any CPU.Build.0 = Debug|Any CPU
		{5202C769-3AA4-4DE8-BAE3-DC8E4AF9EBC9}.Release|Any CPU.ActiveCfg = Release|Any CPU
		{5202C769-3AA4-4DE8-BAE3-DC8E4AF9EBC9}.Release|Any CPU.Build.0 = Release|Any CPU
		{0606E32F-AA41-44BC-B0DF-22646D305B72}.Debug|Any CPU.ActiveCfg = Debug|Any CPU
		{0606E32F-AA41-44BC-B0DF-22646D305B72}.Debug|Any CPU.Build.0 = Debug|Any CPU
		{0606E32F-AA41-44BC-B0DF-22646D305B72}.Release|Any CPU.ActiveCfg = Release|Any CPU
		{0606E32F-AA41-44BC-B0DF-22646D305B72}.Release|Any CPU.Build.0 = Release|Any CPU
	EndGlobalSection
	GlobalSection(SolutionProperties) = preSolution
		HideSolutionNode = FALSE
	EndGlobalSection
	GlobalSection(ExtensibilityGlobals) = postSolution
		SolutionGuid = {AD1AC0CF-E74D-472A-8BC7-6D5AA67EF345}
	EndGlobalSection
EndGlobal
