
Microsoft Visual Studio Solution File, Format Version 12.00
# Visual Studio Version 16
VisualStudioVersion = 16.0.30114.105
MinimumVisualStudioVersion = 10.0.40219.1
Project("{FAE04EC0-301F-11D3-BF4B-00C04F79EFBC}") = "01. Scheduling", "01. Scheduling\01. Scheduling.csproj", "{AEB58EFA-4CB3-4A8E-8E53-972641717748}"
EndProject
Project("{FAE04EC0-301F-11D3-BF4B-00C04F79EFBC}") = "02. Garden", "02. Garden\02. Garden.csproj", "{90E1ED40-CD83-45B8-BD90-71CFA2DA5FD7}"
EndProject
Global
	GlobalSection(SolutionConfigurationPlatforms) = preSolution
		Debug|Any CPU = Debug|Any CPU
		Release|Any CPU = Release|Any CPU
	EndGlobalSection
	GlobalSection(ProjectConfigurationPlatforms) = postSolution
		{AEB58EFA-4CB3-4A8E-8E53-972641717748}.Debug|Any CPU.ActiveCfg = Debug|Any CPU
		{AEB58EFA-4CB3-4A8E-8E53-972641717748}.Debug|Any CPU.Build.0 = Debug|Any CPU
		{AEB58EFA-4CB3-4A8E-8E53-972641717748}.Release|Any CPU.ActiveCfg = Release|Any CPU
		{AEB58EFA-4CB3-4A8E-8E53-972641717748}.Release|Any CPU.Build.0 = Release|Any CPU
		{90E1ED40-CD83-45B8-BD90-71CFA2DA5FD7}.Debug|Any CPU.ActiveCfg = Debug|Any CPU
		{90E1ED40-CD83-45B8-BD90-71CFA2DA5FD7}.Debug|Any CPU.Build.0 = Debug|Any CPU
		{90E1ED40-CD83-45B8-BD90-71CFA2DA5FD7}.Release|Any CPU.ActiveCfg = Release|Any CPU
		{90E1ED40-CD83-45B8-BD90-71CFA2DA5FD7}.Release|Any CPU.Build.0 = Release|Any CPU
	EndGlobalSection
	GlobalSection(SolutionProperties) = preSolution
		HideSolutionNode = FALSE
	EndGlobalSection
	GlobalSection(ExtensibilityGlobals) = postSolution
		SolutionGuid = {43DE0BD1-C667-48FB-82C5-23B7CCEA3958}
	EndGlobalSection
EndGlobal
