
Microsoft Visual Studio Solution File, Format Version 12.00
# Visual Studio Version 16
VisualStudioVersion = 16.0.30114.105
MinimumVisualStudioVersion = 10.0.40219.1
Project("{9A19103F-16F7-4668-BE54-9A1E7A4F7556}") = "04. Froggy", "StartUp\04. Froggy.csproj", "{A834C0EC-3AA4-42CC-A386-1D49BC3DD149}"
EndProject
Project("{FAE04EC0-301F-11D3-BF4B-00C04F79EFBC}") = "05. Comparing Objects", "05. Comparing Objects\05. Comparing Objects.csproj", "{73984E9F-6720-438D-9129-A5054EB3CF5A}"
EndProject
Global
	GlobalSection(SolutionConfigurationPlatforms) = preSolution
		Debug|Any CPU = Debug|Any CPU
		Release|Any CPU = Release|Any CPU
	EndGlobalSection
	GlobalSection(ProjectConfigurationPlatforms) = postSolution
		{A834C0EC-3AA4-42CC-A386-1D49BC3DD149}.Debug|Any CPU.ActiveCfg = Debug|Any CPU
		{A834C0EC-3AA4-42CC-A386-1D49BC3DD149}.Debug|Any CPU.Build.0 = Debug|Any CPU
		{A834C0EC-3AA4-42CC-A386-1D49BC3DD149}.Release|Any CPU.ActiveCfg = Release|Any CPU
		{A834C0EC-3AA4-42CC-A386-1D49BC3DD149}.Release|Any CPU.Build.0 = Release|Any CPU
		{73984E9F-6720-438D-9129-A5054EB3CF5A}.Debug|Any CPU.ActiveCfg = Debug|Any CPU
		{73984E9F-6720-438D-9129-A5054EB3CF5A}.Debug|Any CPU.Build.0 = Debug|Any CPU
		{73984E9F-6720-438D-9129-A5054EB3CF5A}.Release|Any CPU.ActiveCfg = Release|Any CPU
		{73984E9F-6720-438D-9129-A5054EB3CF5A}.Release|Any CPU.Build.0 = Release|Any CPU
	EndGlobalSection
	GlobalSection(SolutionProperties) = preSolution
		HideSolutionNode = FALSE
	EndGlobalSection
	GlobalSection(ExtensibilityGlobals) = postSolution
		SolutionGuid = {4F07C5EC-D50E-4810-B97C-2198D17EACFD}
	EndGlobalSection
EndGlobal
